// !$*UTF8*$!
{
	archiveVersion = 1;
	classes = {
	};
	objectVersion = 48;
	objects = {

/* Begin PBXBuildFile section */
		3934F213205FB00C005F8FFA /* FlexLayoutCollectionViewCell.swift in Sources */ = {isa = PBXBuildFile; fileRef = 3934F212205FB00C005F8FFA /* FlexLayoutCollectionViewCell.swift */; };
		3934F216205FF4A5005F8FFA /* BasicView.swift in Sources */ = {isa = PBXBuildFile; fileRef = 3934F215205FF4A5005F8FFA /* BasicView.swift */; };
		3934F218205FF4DA005F8FFA /* BaseViewController.swift in Sources */ = {isa = PBXBuildFile; fileRef = 3934F217205FF4DA005F8FFA /* BaseViewController.swift */; };
		3934F21A205FF5C2005F8FFA /* BaseView.swift in Sources */ = {isa = PBXBuildFile; fileRef = 3934F219205FF5C2005F8FFA /* BaseView.swift */; };
		3934F21C20604495005F8FFA /* FlexLayoutCollectionView.swift in Sources */ = {isa = PBXBuildFile; fileRef = 3934F21B20604495005F8FFA /* FlexLayoutCollectionView.swift */; };
		3934F21E206172C6005F8FFA /* dataExample.swift in Sources */ = {isa = PBXBuildFile; fileRef = 3934F21D206172C6005F8FFA /* dataExample.swift */; };
		397ADE6E205FA8C700824CC9 /* AppDelegate.swift in Sources */ = {isa = PBXBuildFile; fileRef = 397ADE6D205FA8C700824CC9 /* AppDelegate.swift */; };
		397ADE70205FA8C700824CC9 /* FlexLayoutCollectionViewController.swift in Sources */ = {isa = PBXBuildFile; fileRef = 397ADE6F205FA8C700824CC9 /* FlexLayoutCollectionViewController.swift */; };
		397ADE75205FA8C700824CC9 /* Assets.xcassets in Resources */ = {isa = PBXBuildFile; fileRef = 397ADE74205FA8C700824CC9 /* Assets.xcassets */; };
		397ADE78205FA8C700824CC9 /* LaunchScreen.storyboard in Resources */ = {isa = PBXBuildFile; fileRef = 397ADE76205FA8C700824CC9 /* LaunchScreen.storyboard */; };
		397ADE83205FA8C700824CC9 /* FlexLayoutTestTests.swift in Sources */ = {isa = PBXBuildFile; fileRef = 397ADE82205FA8C700824CC9 /* FlexLayoutTestTests.swift */; };
		397ADE8E205FA8C700824CC9 /* FlexLayoutTestUITests.swift in Sources */ = {isa = PBXBuildFile; fileRef = 397ADE8D205FA8C700824CC9 /* FlexLayoutTestUITests.swift */; };
		55CC03D1323D3F2CC85331BE /* Pods_FlexLayoutTestUITests.framework in Frameworks */ = {isa = PBXBuildFile; fileRef = 351095D3A28A786ADBD9388A /* Pods_FlexLayoutTestUITests.framework */; };
		A7BA27233211F5CAC5FCC720 /* Pods_FlexLayoutTestTests.framework in Frameworks */ = {isa = PBXBuildFile; fileRef = 8F4863D68DAC872FD2720D1E /* Pods_FlexLayoutTestTests.framework */; };
		C7876FA86D3C740F608D7563 /* Pods_FlexLayoutTest.framework in Frameworks */ = {isa = PBXBuildFile; fileRef = 342BBD264706FB80F4064505 /* Pods_FlexLayoutTest.framework */; };
/* End PBXBuildFile section */

/* Begin PBXContainerItemProxy section */
		397ADE7F205FA8C700824CC9 /* PBXContainerItemProxy */ = {
			isa = PBXContainerItemProxy;
			containerPortal = 397ADE62205FA8C700824CC9 /* Project object */;
			proxyType = 1;
			remoteGlobalIDString = 397ADE69205FA8C700824CC9;
			remoteInfo = FlexLayoutTest;
		};
		397ADE8A205FA8C700824CC9 /* PBXContainerItemProxy */ = {
			isa = PBXContainerItemProxy;
			containerPortal = 397ADE62205FA8C700824CC9 /* Project object */;
			proxyType = 1;
			remoteGlobalIDString = 397ADE69205FA8C700824CC9;
			remoteInfo = FlexLayoutTest;
		};
/* End PBXContainerItemProxy section */

/* Begin PBXFileReference section */
		105685C4FB3AB9BF58CBFB44 /* Pods-FlexLayoutTest.debug.xcconfig */ = {isa = PBXFileReference; includeInIndex = 1; lastKnownFileType = text.xcconfig; name = "Pods-FlexLayoutTest.debug.xcconfig"; path = "Pods/Target Support Files/Pods-FlexLayoutTest/Pods-FlexLayoutTest.debug.xcconfig"; sourceTree = "<group>"; };
		21C821AE39602FC746A9D5B5 /* Pods-FlexLayoutTestTests.debug.xcconfig */ = {isa = PBXFileReference; includeInIndex = 1; lastKnownFileType = text.xcconfig; name = "Pods-FlexLayoutTestTests.debug.xcconfig"; path = "Pods/Target Support Files/Pods-FlexLayoutTestTests/Pods-FlexLayoutTestTests.debug.xcconfig"; sourceTree = "<group>"; };
		342BBD264706FB80F4064505 /* Pods_FlexLayoutTest.framework */ = {isa = PBXFileReference; explicitFileType = wrapper.framework; includeInIndex = 0; path = Pods_FlexLayoutTest.framework; sourceTree = BUILT_PRODUCTS_DIR; };
		351095D3A28A786ADBD9388A /* Pods_FlexLayoutTestUITests.framework */ = {isa = PBXFileReference; explicitFileType = wrapper.framework; includeInIndex = 0; path = Pods_FlexLayoutTestUITests.framework; sourceTree = BUILT_PRODUCTS_DIR; };
		3934F212205FB00C005F8FFA /* FlexLayoutCollectionViewCell.swift */ = {isa = PBXFileReference; lastKnownFileType = sourcecode.swift; path = FlexLayoutCollectionViewCell.swift; sourceTree = "<group>"; };
		3934F215205FF4A5005F8FFA /* BasicView.swift */ = {isa = PBXFileReference; lastKnownFileType = sourcecode.swift; path = BasicView.swift; sourceTree = "<group>"; };
		3934F217205FF4DA005F8FFA /* BaseViewController.swift */ = {isa = PBXFileReference; lastKnownFileType = sourcecode.swift; path = BaseViewController.swift; sourceTree = "<group>"; };
		3934F219205FF5C2005F8FFA /* BaseView.swift */ = {isa = PBXFileReference; lastKnownFileType = sourcecode.swift; path = BaseView.swift; sourceTree = "<group>"; };
		3934F21B20604495005F8FFA /* FlexLayoutCollectionView.swift */ = {isa = PBXFileReference; lastKnownFileType = sourcecode.swift; path = FlexLayoutCollectionView.swift; sourceTree = "<group>"; };
		3934F21D206172C6005F8FFA /* dataExample.swift */ = {isa = PBXFileReference; lastKnownFileType = sourcecode.swift; path = dataExample.swift; sourceTree = "<group>"; };
		397ADE6A205FA8C700824CC9 /* FlexLayoutTest.app */ = {isa = PBXFileReference; explicitFileType = wrapper.application; includeInIndex = 0; path = FlexLayoutTest.app; sourceTree = BUILT_PRODUCTS_DIR; };
		397ADE6D205FA8C700824CC9 /* AppDelegate.swift */ = {isa = PBXFileReference; lastKnownFileType = sourcecode.swift; path = AppDelegate.swift; sourceTree = "<group>"; };
		397ADE6F205FA8C700824CC9 /* FlexLayoutCollectionViewController.swift */ = {isa = PBXFileReference; lastKnownFileType = sourcecode.swift; path = FlexLayoutCollectionViewController.swift; sourceTree = "<group>"; };
		397ADE74205FA8C700824CC9 /* Assets.xcassets */ = {isa = PBXFileReference; lastKnownFileType = folder.assetcatalog; path = Assets.xcassets; sourceTree = "<group>"; };
		397ADE77205FA8C700824CC9 /* Base */ = {isa = PBXFileReference; lastKnownFileType = file.storyboard; name = Base; path = Base.lproj/LaunchScreen.storyboard; sourceTree = "<group>"; };
		397ADE79205FA8C700824CC9 /* Info.plist */ = {isa = PBXFileReference; lastKnownFileType = text.plist.xml; path = Info.plist; sourceTree = "<group>"; };
		397ADE7E205FA8C700824CC9 /* FlexLayoutTestTests.xctest */ = {isa = PBXFileReference; explicitFileType = wrapper.cfbundle; includeInIndex = 0; path = FlexLayoutTestTests.xctest; sourceTree = BUILT_PRODUCTS_DIR; };
		397ADE82205FA8C700824CC9 /* FlexLayoutTestTests.swift */ = {isa = PBXFileReference; lastKnownFileType = sourcecode.swift; path = FlexLayoutTestTests.swift; sourceTree = "<group>"; };
		397ADE84205FA8C700824CC9 /* Info.plist */ = {isa = PBXFileReference; lastKnownFileType = text.plist.xml; path = Info.plist; sourceTree = "<group>"; };
		397ADE89205FA8C700824CC9 /* FlexLayoutTestUITests.xctest */ = {isa = PBXFileReference; explicitFileType = wrapper.cfbundle; includeInIndex = 0; path = FlexLayoutTestUITests.xctest; sourceTree = BUILT_PRODUCTS_DIR; };
		397ADE8D205FA8C700824CC9 /* FlexLayoutTestUITests.swift */ = {isa = PBXFileReference; lastKnownFileType = sourcecode.swift; path = FlexLayoutTestUITests.swift; sourceTree = "<group>"; };
		397ADE8F205FA8C700824CC9 /* Info.plist */ = {isa = PBXFileReference; lastKnownFileType = text.plist.xml; path = Info.plist; sourceTree = "<group>"; };
		8F4863D68DAC872FD2720D1E /* Pods_FlexLayoutTestTests.framework */ = {isa = PBXFileReference; explicitFileType = wrapper.framework; includeInIndex = 0; path = Pods_FlexLayoutTestTests.framework; sourceTree = BUILT_PRODUCTS_DIR; };
		A52EF4E5D6086B884472FED2 /* Pods-FlexLayoutTestTests.release.xcconfig */ = {isa = PBXFileReference; includeInIndex = 1; lastKnownFileType = text.xcconfig; name = "Pods-FlexLayoutTestTests.release.xcconfig"; path = "Pods/Target Support Files/Pods-FlexLayoutTestTests/Pods-FlexLayoutTestTests.release.xcconfig"; sourceTree = "<group>"; };
		C7D004F2647D95051E1A4A0F /* Pods-FlexLayoutTestUITests.debug.xcconfig */ = {isa = PBXFileReference; includeInIndex = 1; lastKnownFileType = text.xcconfig; name = "Pods-FlexLayoutTestUITests.debug.xcconfig"; path = "Pods/Target Support Files/Pods-FlexLayoutTestUITests/Pods-FlexLayoutTestUITests.debug.xcconfig"; sourceTree = "<group>"; };
		D0938C85039150FD1125A3BE /* Pods-FlexLayoutTestUITests.release.xcconfig */ = {isa = PBXFileReference; includeInIndex = 1; lastKnownFileType = text.xcconfig; name = "Pods-FlexLayoutTestUITests.release.xcconfig"; path = "Pods/Target Support Files/Pods-FlexLayoutTestUITests/Pods-FlexLayoutTestUITests.release.xcconfig"; sourceTree = "<group>"; };
		DE5806602EBF29D9DF9A18E2 /* Pods-FlexLayoutTest.release.xcconfig */ = {isa = PBXFileReference; includeInIndex = 1; lastKnownFileType = text.xcconfig; name = "Pods-FlexLayoutTest.release.xcconfig"; path = "Pods/Target Support Files/Pods-FlexLayoutTest/Pods-FlexLayoutTest.release.xcconfig"; sourceTree = "<group>"; };
/* End PBXFileReference section */

/* Begin PBXFrameworksBuildPhase section */
		397ADE67205FA8C700824CC9 /* Frameworks */ = {
			isa = PBXFrameworksBuildPhase;
			buildActionMask = 2147483647;
			files = (
				C7876FA86D3C740F608D7563 /* Pods_FlexLayoutTest.framework in Frameworks */,
			);
			runOnlyForDeploymentPostprocessing = 0;
		};
		397ADE7B205FA8C700824CC9 /* Frameworks */ = {
			isa = PBXFrameworksBuildPhase;
			buildActionMask = 2147483647;
			files = (
				A7BA27233211F5CAC5FCC720 /* Pods_FlexLayoutTestTests.framework in Frameworks */,
			);
			runOnlyForDeploymentPostprocessing = 0;
		};
		397ADE86205FA8C700824CC9 /* Frameworks */ = {
			isa = PBXFrameworksBuildPhase;
			buildActionMask = 2147483647;
			files = (
				55CC03D1323D3F2CC85331BE /* Pods_FlexLayoutTestUITests.framework in Frameworks */,
			);
			runOnlyForDeploymentPostprocessing = 0;
		};
/* End PBXFrameworksBuildPhase section */

/* Begin PBXGroup section */
		2353B096BB85CA298A07F71B /* Pods */ = {
			isa = PBXGroup;
			children = (
				105685C4FB3AB9BF58CBFB44 /* Pods-FlexLayoutTest.debug.xcconfig */,
				DE5806602EBF29D9DF9A18E2 /* Pods-FlexLayoutTest.release.xcconfig */,
				21C821AE39602FC746A9D5B5 /* Pods-FlexLayoutTestTests.debug.xcconfig */,
				A52EF4E5D6086B884472FED2 /* Pods-FlexLayoutTestTests.release.xcconfig */,
				C7D004F2647D95051E1A4A0F /* Pods-FlexLayoutTestUITests.debug.xcconfig */,
				D0938C85039150FD1125A3BE /* Pods-FlexLayoutTestUITests.release.xcconfig */,
			);
			name = Pods;
			sourceTree = "<group>";
		};
		3934F214205FF48C005F8FFA /* common */ = {
			isa = PBXGroup;
			children = (
				3934F215205FF4A5005F8FFA /* BasicView.swift */,
				3934F217205FF4DA005F8FFA /* BaseViewController.swift */,
				3934F219205FF5C2005F8FFA /* BaseView.swift */,
			);
			path = common;
			sourceTree = "<group>";
		};
		397ADE61205FA8C700824CC9 = {
			isa = PBXGroup;
			children = (
				397ADE6C205FA8C700824CC9 /* FlexLayoutTest */,
				397ADE81205FA8C700824CC9 /* FlexLayoutTestTests */,
				397ADE8C205FA8C700824CC9 /* FlexLayoutTestUITests */,
				397ADE6B205FA8C700824CC9 /* Products */,
				2353B096BB85CA298A07F71B /* Pods */,
				A34A8499E576D15B9C24A3C7 /* Frameworks */,
			);
			sourceTree = "<group>";
		};
		397ADE6B205FA8C700824CC9 /* Products */ = {
			isa = PBXGroup;
			children = (
				397ADE6A205FA8C700824CC9 /* FlexLayoutTest.app */,
				397ADE7E205FA8C700824CC9 /* FlexLayoutTestTests.xctest */,
				397ADE89205FA8C700824CC9 /* FlexLayoutTestUITests.xctest */,
			);
			name = Products;
			sourceTree = "<group>";
		};
		397ADE6C205FA8C700824CC9 /* FlexLayoutTest */ = {
			isa = PBXGroup;
			children = (
				397ADE6D205FA8C700824CC9 /* AppDelegate.swift */,
				3934F214205FF48C005F8FFA /* common */,
				397ADE6F205FA8C700824CC9 /* FlexLayoutCollectionViewController.swift */,
				3934F21B20604495005F8FFA /* FlexLayoutCollectionView.swift */,
				3934F21D206172C6005F8FFA /* dataExample.swift */,
				3934F212205FB00C005F8FFA /* FlexLayoutCollectionViewCell.swift */,
				397ADE74205FA8C700824CC9 /* Assets.xcassets */,
				397ADE76205FA8C700824CC9 /* LaunchScreen.storyboard */,
				397ADE79205FA8C700824CC9 /* Info.plist */,
			);
			path = FlexLayoutTest;
			sourceTree = "<group>";
		};
		397ADE81205FA8C700824CC9 /* FlexLayoutTestTests */ = {
			isa = PBXGroup;
			children = (
				397ADE82205FA8C700824CC9 /* FlexLayoutTestTests.swift */,
				397ADE84205FA8C700824CC9 /* Info.plist */,
			);
			path = FlexLayoutTestTests;
			sourceTree = "<group>";
		};
		397ADE8C205FA8C700824CC9 /* FlexLayoutTestUITests */ = {
			isa = PBXGroup;
			children = (
				397ADE8D205FA8C700824CC9 /* FlexLayoutTestUITests.swift */,
				397ADE8F205FA8C700824CC9 /* Info.plist */,
			);
			path = FlexLayoutTestUITests;
			sourceTree = "<group>";
		};
		A34A8499E576D15B9C24A3C7 /* Frameworks */ = {
			isa = PBXGroup;
			children = (
				342BBD264706FB80F4064505 /* Pods_FlexLayoutTest.framework */,
				8F4863D68DAC872FD2720D1E /* Pods_FlexLayoutTestTests.framework */,
				351095D3A28A786ADBD9388A /* Pods_FlexLayoutTestUITests.framework */,
			);
			name = Frameworks;
			sourceTree = "<group>";
		};
/* End PBXGroup section */

/* Begin PBXNativeTarget section */
		397ADE69205FA8C700824CC9 /* FlexLayoutTest */ = {
			isa = PBXNativeTarget;
			buildConfigurationList = 397ADE92205FA8C700824CC9 /* Build configuration list for PBXNativeTarget "FlexLayoutTest" */;
			buildPhases = (
				4DE5718830DD5BAFE6CD82C5 /* [CP] Check Pods Manifest.lock */,
				397ADE66205FA8C700824CC9 /* Sources */,
				397ADE67205FA8C700824CC9 /* Frameworks */,
				397ADE68205FA8C700824CC9 /* Resources */,
				702C62D309DF37D079A3740D /* [CP] Embed Pods Frameworks */,
				9E99F182AE0E76008667AD9A /* [CP] Copy Pods Resources */,
			);
			buildRules = (
			);
			dependencies = (
			);
			name = FlexLayoutTest;
			productName = FlexLayoutTest;
			productReference = 397ADE6A205FA8C700824CC9 /* FlexLayoutTest.app */;
			productType = "com.apple.product-type.application";
		};
		397ADE7D205FA8C700824CC9 /* FlexLayoutTestTests */ = {
			isa = PBXNativeTarget;
			buildConfigurationList = 397ADE95205FA8C700824CC9 /* Build configuration list for PBXNativeTarget "FlexLayoutTestTests" */;
			buildPhases = (
				AA8C188E75E6834B1E9C811C /* [CP] Check Pods Manifest.lock */,
				397ADE7A205FA8C700824CC9 /* Sources */,
				397ADE7B205FA8C700824CC9 /* Frameworks */,
				397ADE7C205FA8C700824CC9 /* Resources */,
				F2FA9D3117BB650ADE8823CE /* [CP] Embed Pods Frameworks */,
				BF9A3A9AD2251359DDA9D741 /* [CP] Copy Pods Resources */,
			);
			buildRules = (
			);
			dependencies = (
				397ADE80205FA8C700824CC9 /* PBXTargetDependency */,
			);
			name = FlexLayoutTestTests;
			productName = FlexLayoutTestTests;
			productReference = 397ADE7E205FA8C700824CC9 /* FlexLayoutTestTests.xctest */;
			productType = "com.apple.product-type.bundle.unit-test";
		};
		397ADE88205FA8C700824CC9 /* FlexLayoutTestUITests */ = {
			isa = PBXNativeTarget;
			buildConfigurationList = 397ADE98205FA8C700824CC9 /* Build configuration list for PBXNativeTarget "FlexLayoutTestUITests" */;
			buildPhases = (
				125AF8DCBBC538533DE911A4 /* [CP] Check Pods Manifest.lock */,
				397ADE85205FA8C700824CC9 /* Sources */,
				397ADE86205FA8C700824CC9 /* Frameworks */,
				397ADE87205FA8C700824CC9 /* Resources */,
				14BE16F10D24FC15F6E58802 /* [CP] Embed Pods Frameworks */,
				FB74778272B7C3DF62A970A0 /* [CP] Copy Pods Resources */,
			);
			buildRules = (
			);
			dependencies = (
				397ADE8B205FA8C700824CC9 /* PBXTargetDependency */,
			);
			name = FlexLayoutTestUITests;
			productName = FlexLayoutTestUITests;
			productReference = 397ADE89205FA8C700824CC9 /* FlexLayoutTestUITests.xctest */;
			productType = "com.apple.product-type.bundle.ui-testing";
		};
/* End PBXNativeTarget section */

/* Begin PBXProject section */
		397ADE62205FA8C700824CC9 /* Project object */ = {
			isa = PBXProject;
			attributes = {
				LastSwiftUpdateCheck = 0920;
				LastUpgradeCheck = 0920;
				ORGANIZATIONNAME = Kilian;
				TargetAttributes = {
					397ADE69205FA8C700824CC9 = {
						CreatedOnToolsVersion = 9.2;
						ProvisioningStyle = Automatic;
					};
					397ADE7D205FA8C700824CC9 = {
						CreatedOnToolsVersion = 9.2;
						ProvisioningStyle = Automatic;
						TestTargetID = 397ADE69205FA8C700824CC9;
					};
					397ADE88205FA8C700824CC9 = {
						CreatedOnToolsVersion = 9.2;
						ProvisioningStyle = Automatic;
						TestTargetID = 397ADE69205FA8C700824CC9;
					};
				};
			};
			buildConfigurationList = 397ADE65205FA8C700824CC9 /* Build configuration list for PBXProject "FlexLayoutTest" */;
			compatibilityVersion = "Xcode 8.0";
			developmentRegion = en;
			hasScannedForEncodings = 0;
			knownRegions = (
				en,
				Base,
			);
			mainGroup = 397ADE61205FA8C700824CC9;
			productRefGroup = 397ADE6B205FA8C700824CC9 /* Products */;
			projectDirPath = "";
			projectRoot = "";
			targets = (
				397ADE69205FA8C700824CC9 /* FlexLayoutTest */,
				397ADE7D205FA8C700824CC9 /* FlexLayoutTestTests */,
				397ADE88205FA8C700824CC9 /* FlexLayoutTestUITests */,
			);
		};
/* End PBXProject section */

/* Begin PBXResourcesBuildPhase section */
		397ADE68205FA8C700824CC9 /* Resources */ = {
			isa = PBXResourcesBuildPhase;
			buildActionMask = 2147483647;
			files = (
				397ADE78205FA8C700824CC9 /* LaunchScreen.storyboard in Resources */,
				397ADE75205FA8C700824CC9 /* Assets.xcassets in Resources */,
			);
			runOnlyForDeploymentPostprocessing = 0;
		};
		397ADE7C205FA8C700824CC9 /* Resources */ = {
			isa = PBXResourcesBuildPhase;
			buildActionMask = 2147483647;
			files = (
			);
			runOnlyForDeploymentPostprocessing = 0;
		};
		397ADE87205FA8C700824CC9 /* Resources */ = {
			isa = PBXResourcesBuildPhase;
			buildActionMask = 2147483647;
			files = (
			);
			runOnlyForDeploymentPostprocessing = 0;
		};
/* End PBXResourcesBuildPhase section */

/* Begin PBXShellScriptBuildPhase section */
		125AF8DCBBC538533DE911A4 /* [CP] Check Pods Manifest.lock */ = {
			isa = PBXShellScriptBuildPhase;
			buildActionMask = 2147483647;
			files = (
			);
			inputPaths = (
				"${PODS_PODFILE_DIR_PATH}/Podfile.lock",
				"${PODS_ROOT}/Manifest.lock",
			);
			name = "[CP] Check Pods Manifest.lock";
			outputPaths = (
				"$(DERIVED_FILE_DIR)/Pods-FlexLayoutTestUITests-checkManifestLockResult.txt",
			);
			runOnlyForDeploymentPostprocessing = 0;
			shellPath = /bin/sh;
			shellScript = "diff \"${PODS_PODFILE_DIR_PATH}/Podfile.lock\" \"${PODS_ROOT}/Manifest.lock\" > /dev/null\nif [ $? != 0 ] ; then\n    # print error to STDERR\n    echo \"error: The sandbox is not in sync with the Podfile.lock. Run 'pod install' or update your CocoaPods installation.\" >&2\n    exit 1\nfi\n# This output is used by Xcode 'outputs' to avoid re-running this script phase.\necho \"SUCCESS\" > \"${SCRIPT_OUTPUT_FILE_0}\"\n";
			showEnvVarsInLog = 0;
		};
		14BE16F10D24FC15F6E58802 /* [CP] Embed Pods Frameworks */ = {
			isa = PBXShellScriptBuildPhase;
			buildActionMask = 2147483647;
			files = (
			);
			inputPaths = (
			);
			name = "[CP] Embed Pods Frameworks";
			outputPaths = (
			);
			runOnlyForDeploymentPostprocessing = 0;
			shellPath = /bin/sh;
			shellScript = "\"${SRCROOT}/Pods/Target Support Files/Pods-FlexLayoutTestUITests/Pods-FlexLayoutTestUITests-frameworks.sh\"\n";
			showEnvVarsInLog = 0;
		};
		4DE5718830DD5BAFE6CD82C5 /* [CP] Check Pods Manifest.lock */ = {
			isa = PBXShellScriptBuildPhase;
			buildActionMask = 2147483647;
			files = (
			);
			inputPaths = (
				"${PODS_PODFILE_DIR_PATH}/Podfile.lock",
				"${PODS_ROOT}/Manifest.lock",
			);
			name = "[CP] Check Pods Manifest.lock";
			outputPaths = (
				"$(DERIVED_FILE_DIR)/Pods-FlexLayoutTest-checkManifestLockResult.txt",
			);
			runOnlyForDeploymentPostprocessing = 0;
			shellPath = /bin/sh;
			shellScript = "diff \"${PODS_PODFILE_DIR_PATH}/Podfile.lock\" \"${PODS_ROOT}/Manifest.lock\" > /dev/null\nif [ $? != 0 ] ; then\n    # print error to STDERR\n    echo \"error: The sandbox is not in sync with the Podfile.lock. Run 'pod install' or update your CocoaPods installation.\" >&2\n    exit 1\nfi\n# This output is used by Xcode 'outputs' to avoid re-running this script phase.\necho \"SUCCESS\" > \"${SCRIPT_OUTPUT_FILE_0}\"\n";
			showEnvVarsInLog = 0;
		};
		702C62D309DF37D079A3740D /* [CP] Embed Pods Frameworks */ = {
			isa = PBXShellScriptBuildPhase;
			buildActionMask = 2147483647;
			files = (
			);
			inputPaths = (
				"${SRCROOT}/Pods/Target Support Files/Pods-FlexLayoutTest/Pods-FlexLayoutTest-frameworks.sh",
				"${BUILT_PRODUCTS_DIR}/FlexLayout/FlexLayout.framework",
				"${BUILT_PRODUCTS_DIR}/PinLayout/PinLayout.framework",
				"${BUILT_PRODUCTS_DIR}/Yoga/yoga.framework",
			);
			name = "[CP] Embed Pods Frameworks";
			outputPaths = (
				"${TARGET_BUILD_DIR}/${FRAMEWORKS_FOLDER_PATH}/FlexLayout.framework",
				"${TARGET_BUILD_DIR}/${FRAMEWORKS_FOLDER_PATH}/PinLayout.framework",
				"${TARGET_BUILD_DIR}/${FRAMEWORKS_FOLDER_PATH}/yoga.framework",
			);
			runOnlyForDeploymentPostprocessing = 0;
			shellPath = /bin/sh;
			shellScript = "\"${SRCROOT}/Pods/Target Support Files/Pods-FlexLayoutTest/Pods-FlexLayoutTest-frameworks.sh\"\n";
			showEnvVarsInLog = 0;
		};
		9E99F182AE0E76008667AD9A /* [CP] Copy Pods Resources */ = {
			isa = PBXShellScriptBuildPhase;
			buildActionMask = 2147483647;
			files = (
			);
			inputPaths = (
			);
			name = "[CP] Copy Pods Resources";
			outputPaths = (
			);
			runOnlyForDeploymentPostprocessing = 0;
			shellPath = /bin/sh;
			shellScript = "\"${SRCROOT}/Pods/Target Support Files/Pods-FlexLayoutTest/Pods-FlexLayoutTest-resources.sh\"\n";
			showEnvVarsInLog = 0;
		};
		AA8C188E75E6834B1E9C811C /* [CP] Check Pods Manifest.lock */ = {
			isa = PBXShellScriptBuildPhase;
			buildActionMask = 2147483647;
			files = (
			);
			inputPaths = (
				"${PODS_PODFILE_DIR_PATH}/Podfile.lock",
				"${PODS_ROOT}/Manifest.lock",
			);
			name = "[CP] Check Pods Manifest.lock";
			outputPaths = (
				"$(DERIVED_FILE_DIR)/Pods-FlexLayoutTestTests-checkManifestLockResult.txt",
			);
			runOnlyForDeploymentPostprocessing = 0;
			shellPath = /bin/sh;
			shellScript = "diff \"${PODS_PODFILE_DIR_PATH}/Podfile.lock\" \"${PODS_ROOT}/Manifest.lock\" > /dev/null\nif [ $? != 0 ] ; then\n    # print error to STDERR\n    echo \"error: The sandbox is not in sync with the Podfile.lock. Run 'pod install' or update your CocoaPods installation.\" >&2\n    exit 1\nfi\n# This output is used by Xcode 'outputs' to avoid re-running this script phase.\necho \"SUCCESS\" > \"${SCRIPT_OUTPUT_FILE_0}\"\n";
			showEnvVarsInLog = 0;
		};
		BF9A3A9AD2251359DDA9D741 /* [CP] Copy Pods Resources */ = {
			isa = PBXShellScriptBuildPhase;
			buildActionMask = 2147483647;
			files = (
			);
			inputPaths = (
			);
			name = "[CP] Copy Pods Resources";
			outputPaths = (
			);
			runOnlyForDeploymentPostprocessing = 0;
			shellPath = /bin/sh;
			shellScript = "\"${SRCROOT}/Pods/Target Support Files/Pods-FlexLayoutTestTests/Pods-FlexLayoutTestTests-resources.sh\"\n";
			showEnvVarsInLog = 0;
		};
		F2FA9D3117BB650ADE8823CE /* [CP] Embed Pods Frameworks */ = {
			isa = PBXShellScriptBuildPhase;
			buildActionMask = 2147483647;
			files = (
			);
			inputPaths = (
			);
			name = "[CP] Embed Pods Frameworks";
			outputPaths = (
			);
			runOnlyForDeploymentPostprocessing = 0;
			shellPath = /bin/sh;
			shellScript = "\"${SRCROOT}/Pods/Target Support Files/Pods-FlexLayoutTestTests/Pods-FlexLayoutTestTests-frameworks.sh\"\n";
			showEnvVarsInLog = 0;
		};
		FB74778272B7C3DF62A970A0 /* [CP] Copy Pods Resources */ = {
			isa = PBXShellScriptBuildPhase;
			buildActionMask = 2147483647;
			files = (
			);
			inputPaths = (
			);
			name = "[CP] Copy Pods Resources";
			outputPaths = (
			);
			runOnlyForDeploymentPostprocessing = 0;
			shellPath = /bin/sh;
			shellScript = "\"${SRCROOT}/Pods/Target Support Files/Pods-FlexLayoutTestUITests/Pods-FlexLayoutTestUITests-resources.sh\"\n";
			showEnvVarsInLog = 0;
		};
/* End PBXShellScriptBuildPhase section */

/* Begin PBXSourcesBuildPhase section */
		397ADE66205FA8C700824CC9 /* Sources */ = {
			isa = PBXSourcesBuildPhase;
			buildActionMask = 2147483647;
			files = (
				3934F218205FF4DA005F8FFA /* BaseViewController.swift in Sources */,
				397ADE70205FA8C700824CC9 /* FlexLayoutCollectionViewController.swift in Sources */,
				3934F213205FB00C005F8FFA /* FlexLayoutCollectionViewCell.swift in Sources */,
				3934F21A205FF5C2005F8FFA /* BaseView.swift in Sources */,
				3934F21C20604495005F8FFA /* FlexLayoutCollectionView.swift in Sources */,
				397ADE6E205FA8C700824CC9 /* AppDelegate.swift in Sources */,
				3934F216205FF4A5005F8FFA /* BasicView.swift in Sources */,
				3934F21E206172C6005F8FFA /* dataExample.swift in Sources */,
			);
			runOnlyForDeploymentPostprocessing = 0;
		};
		397ADE7A205FA8C700824CC9 /* Sources */ = {
			isa = PBXSourcesBuildPhase;
			buildActionMask = 2147483647;
			files = (
				397ADE83205FA8C700824CC9 /* FlexLayoutTestTests.swift in Sources */,
			);
			runOnlyForDeploymentPostprocessing = 0;
		};
		397ADE85205FA8C700824CC9 /* Sources */ = {
			isa = PBXSourcesBuildPhase;
			buildActionMask = 2147483647;
			files = (
				397ADE8E205FA8C700824CC9 /* FlexLayoutTestUITests.swift in Sources */,
			);
			runOnlyForDeploymentPostprocessing = 0;
		};
/* End PBXSourcesBuildPhase section */

/* Begin PBXTargetDependency section */
		397ADE80205FA8C700824CC9 /* PBXTargetDependency */ = {
			isa = PBXTargetDependency;
			target = 397ADE69205FA8C700824CC9 /* FlexLayoutTest */;
			targetProxy = 397ADE7F205FA8C700824CC9 /* PBXContainerItemProxy */;
		};
		397ADE8B205FA8C700824CC9 /* PBXTargetDependency */ = {
			isa = PBXTargetDependency;
			target = 397ADE69205FA8C700824CC9 /* FlexLayoutTest */;
			targetProxy = 397ADE8A205FA8C700824CC9 /* PBXContainerItemProxy */;
		};
/* End PBXTargetDependency section */

/* Begin PBXVariantGroup section */
		397ADE76205FA8C700824CC9 /* LaunchScreen.storyboard */ = {
			isa = PBXVariantGroup;
			children = (
				397ADE77205FA8C700824CC9 /* Base */,
			);
			name = LaunchScreen.storyboard;
			sourceTree = "<group>";
		};
/* End PBXVariantGroup section */

/* Begin XCBuildConfiguration section */
		397ADE90205FA8C700824CC9 /* Debug */ = {
			isa = XCBuildConfiguration;
			buildSettings = {
				ALWAYS_SEARCH_USER_PATHS = NO;
				CLANG_ANALYZER_NONNULL = YES;
				CLANG_ANALYZER_NUMBER_OBJECT_CONVERSION = YES_AGGRESSIVE;
				CLANG_CXX_LANGUAGE_STANDARD = "gnu++14";
				CLANG_CXX_LIBRARY = "libc++";
				CLANG_ENABLE_MODULES = YES;
				CLANG_ENABLE_OBJC_ARC = YES;
				CLANG_WARN_BLOCK_CAPTURE_AUTORELEASING = YES;
				CLANG_WARN_BOOL_CONVERSION = YES;
				CLANG_WARN_COMMA = YES;
				CLANG_WARN_CONSTANT_CONVERSION = YES;
				CLANG_WARN_DIRECT_OBJC_ISA_USAGE = YES_ERROR;
				CLANG_WARN_DOCUMENTATION_COMMENTS = YES;
				CLANG_WARN_EMPTY_BODY = YES;
				CLANG_WARN_ENUM_CONVERSION = YES;
				CLANG_WARN_INFINITE_RECURSION = YES;
				CLANG_WARN_INT_CONVERSION = YES;
				CLANG_WARN_NON_LITERAL_NULL_CONVERSION = YES;
				CLANG_WARN_OBJC_LITERAL_CONVERSION = YES;
				CLANG_WARN_OBJC_ROOT_CLASS = YES_ERROR;
				CLANG_WARN_RANGE_LOOP_ANALYSIS = YES;
				CLANG_WARN_STRICT_PROTOTYPES = YES;
				CLANG_WARN_SUSPICIOUS_MOVE = YES;
				CLANG_WARN_UNGUARDED_AVAILABILITY = YES_AGGRESSIVE;
				CLANG_WARN_UNREACHABLE_CODE = YES;
				CLANG_WARN__DUPLICATE_METHOD_MATCH = YES;
				CODE_SIGN_IDENTITY = "iPhone Developer";
				COPY_PHASE_STRIP = NO;
				DEBUG_INFORMATION_FORMAT = dwarf;
				ENABLE_STRICT_OBJC_MSGSEND = YES;
				ENABLE_TESTABILITY = YES;
				GCC_C_LANGUAGE_STANDARD = gnu11;
				GCC_DYNAMIC_NO_PIC = NO;
				GCC_NO_COMMON_BLOCKS = YES;
				GCC_OPTIMIZATION_LEVEL = 0;
				GCC_PREPROCESSOR_DEFINITIONS = (
					"DEBUG=1",
					"$(inherited)",
				);
				GCC_WARN_64_TO_32_BIT_CONVERSION = YES;
				GCC_WARN_ABOUT_RETURN_TYPE = YES_ERROR;
				GCC_WARN_UNDECLARED_SELECTOR = YES;
				GCC_WARN_UNINITIALIZED_AUTOS = YES_AGGRESSIVE;
				GCC_WARN_UNUSED_FUNCTION = YES;
				GCC_WARN_UNUSED_VARIABLE = YES;
				IPHONEOS_DEPLOYMENT_TARGET = 11.2;
				MTL_ENABLE_DEBUG_INFO = YES;
				ONLY_ACTIVE_ARCH = YES;
				SDKROOT = iphoneos;
				SWIFT_ACTIVE_COMPILATION_CONDITIONS = DEBUG;
				SWIFT_OPTIMIZATION_LEVEL = "-Onone";
			};
			name = Debug;
		};
		397ADE91205FA8C700824CC9 /* Release */ = {
			isa = XCBuildConfiguration;
			buildSettings = {
				ALWAYS_SEARCH_USER_PATHS = NO;
				CLANG_ANALYZER_NONNULL = YES;
				CLANG_ANALYZER_NUMBER_OBJECT_CONVERSION = YES_AGGRESSIVE;
				CLANG_CXX_LANGUAGE_STANDARD = "gnu++14";
				CLANG_CXX_LIBRARY = "libc++";
				CLANG_ENABLE_MODULES = YES;
				CLANG_ENABLE_OBJC_ARC = YES;
				CLANG_WARN_BLOCK_CAPTURE_AUTORELEASING = YES;
				CLANG_WARN_BOOL_CONVERSION = YES;
				CLANG_WARN_COMMA = YES;
				CLANG_WARN_CONSTANT_CONVERSION = YES;
				CLANG_WARN_DIRECT_OBJC_ISA_USAGE = YES_ERROR;
				CLANG_WARN_DOCUMENTATION_COMMENTS = YES;
				CLANG_WARN_EMPTY_BODY = YES;
				CLANG_WARN_ENUM_CONVERSION = YES;
				CLANG_WARN_INFINITE_RECURSION = YES;
				CLANG_WARN_INT_CONVERSION = YES;
				CLANG_WARN_NON_LITERAL_NULL_CONVERSION = YES;
				CLANG_WARN_OBJC_LITERAL_CONVERSION = YES;
				CLANG_WARN_OBJC_ROOT_CLASS = YES_ERROR;
				CLANG_WARN_RANGE_LOOP_ANALYSIS = YES;
				CLANG_WARN_STRICT_PROTOTYPES = YES;
				CLANG_WARN_SUSPICIOUS_MOVE = YES;
				CLANG_WARN_UNGUARDED_AVAILABILITY = YES_AGGRESSIVE;
				CLANG_WARN_UNREACHABLE_CODE = YES;
				CLANG_WARN__DUPLICATE_METHOD_MATCH = YES;
				CODE_SIGN_IDENTITY = "iPhone Developer";
				COPY_PHASE_STRIP = NO;
				DEBUG_INFORMATION_FORMAT = "dwarf-with-dsym";
				ENABLE_NS_ASSERTIONS = NO;
				ENABLE_STRICT_OBJC_MSGSEND = YES;
				GCC_C_LANGUAGE_STANDARD = gnu11;
				GCC_NO_COMMON_BLOCKS = YES;
				GCC_WARN_64_TO_32_BIT_CONVERSION = YES;
				GCC_WARN_ABOUT_RETURN_TYPE = YES_ERROR;
				GCC_WARN_UNDECLARED_SELECTOR = YES;
				GCC_WARN_UNINITIALIZED_AUTOS = YES_AGGRESSIVE;
				GCC_WARN_UNUSED_FUNCTION = YES;
				GCC_WARN_UNUSED_VARIABLE = YES;
				IPHONEOS_DEPLOYMENT_TARGET = 11.2;
				MTL_ENABLE_DEBUG_INFO = NO;
				SDKROOT = iphoneos;
				SWIFT_OPTIMIZATION_LEVEL = "-Owholemodule";
				VALIDATE_PRODUCT = YES;
			};
			name = Release;
		};
		397ADE93205FA8C700824CC9 /* Debug */ = {
			isa = XCBuildConfiguration;
			baseConfigurationReference = 105685C4FB3AB9BF58CBFB44 /* Pods-FlexLayoutTest.debug.xcconfig */;
			buildSettings = {
				ASSETCATALOG_COMPILER_APPICON_NAME = AppIcon;
				CODE_SIGN_STYLE = Automatic;
				DEVELOPMENT_TEAM = V4EQG7WTM5;
				INFOPLIST_FILE = FlexLayoutTest/Info.plist;
				LD_RUNPATH_SEARCH_PATHS = "$(inherited) @executable_path/Frameworks";
				PRODUCT_BUNDLE_IDENTIFIER = Kiian.FlexLayoutTest;
				PRODUCT_NAME = "$(TARGET_NAME)";
				SWIFT_VERSION = 4.0;
				TARGETED_DEVICE_FAMILY = "1,2";
			};
			name = Debug;
		};
		397ADE94205FA8C700824CC9 /* Release */ = {
			isa = XCBuildConfiguration;
			baseConfigurationReference = DE5806602EBF29D9DF9A18E2 /* Pods-FlexLayoutTest.release.xcconfig */;
			buildSettings = {
				ASSETCATALOG_COMPILER_APPICON_NAME = AppIcon;
				CODE_SIGN_STYLE = Automatic;
				DEVELOPMENT_TEAM = V4EQG7WTM5;
				INFOPLIST_FILE = FlexLayoutTest/Info.plist;
				LD_RUNPATH_SEARCH_PATHS = "$(inherited) @executable_path/Frameworks";
				PRODUCT_BUNDLE_IDENTIFIER = Kiian.FlexLayoutTest;
				PRODUCT_NAME = "$(TARGET_NAME)";
				SWIFT_VERSION = 4.0;
				TARGETED_DEVICE_FAMILY = "1,2";
			};
			name = Release;
		};
		397ADE96205FA8C700824CC9 /* Debug */ = {
			isa = XCBuildConfiguration;
			baseConfigurationReference = 21C821AE39602FC746A9D5B5 /* Pods-FlexLayoutTestTests.debug.xcconfig */;
			buildSettings = {
				ALWAYS_EMBED_SWIFT_STANDARD_LIBRARIES = YES;
				BUNDLE_LOADER = "$(TEST_HOST)";
				CODE_SIGN_STYLE = Automatic;
				DEVELOPMENT_TEAM = V4EQG7WTM5;
				INFOPLIST_FILE = FlexLayoutTestTests/Info.plist;
				LD_RUNPATH_SEARCH_PATHS = "$(inherited) @executable_path/Frameworks @loader_path/Frameworks";
				PRODUCT_BUNDLE_IDENTIFIER = Kiian.FlexLayoutTestTests;
				PRODUCT_NAME = "$(TARGET_NAME)";
				SWIFT_VERSION = 4.0;
				TARGETED_DEVICE_FAMILY = "1,2";
				TEST_HOST = "$(BUILT_PRODUCTS_DIR)/FlexLayoutTest.app/FlexLayoutTest";
			};
			name = Debug;
		};
		397ADE97205FA8C700824CC9 /* Release */ = {
			isa = XCBuildConfiguration;
			baseConfigurationReference = A52EF4E5D6086B884472FED2 /* Pods-FlexLayoutTestTests.release.xcconfig */;
			buildSettings = {
				ALWAYS_EMBED_SWIFT_STANDARD_LIBRARIES = YES;
				BUNDLE_LOADER = "$(TEST_HOST)";
				CODE_SIGN_STYLE = Automatic;
				DEVELOPMENT_TEAM = V4EQG7WTM5;
				INFOPLIST_FILE = FlexLayoutTestTests/Info.plist;
				LD_RUNPATH_SEARCH_PATHS = "$(inherited) @executable_path/Frameworks @loader_path/Frameworks";
				PRODUCT_BUNDLE_IDENTIFIER = Kiian.FlexLayoutTestTests;
				PRODUCT_NAME = "$(TARGET_NAME)";
				SWIFT_VERSION = 4.0;
				TARGETED_DEVICE_FAMILY = "1,2";
				TEST_HOST = "$(BUILT_PRODUCTS_DIR)/FlexLayoutTest.app/FlexLayoutTest";
			};
			name = Release;
		};
		397ADE99205FA8C700824CC9 /* Debug */ = {
			isa = XCBuildConfiguration;
			baseConfigurationReference = C7D004F2647D95051E1A4A0F /* Pods-FlexLayoutTestUITests.debug.xcconfig */;
			buildSettings = {
				ALWAYS_EMBED_SWIFT_STANDARD_LIBRARIES = YES;
				CODE_SIGN_STYLE = Automatic;
				DEVELOPMENT_TEAM = V4EQG7WTM5;
				INFOPLIST_FILE = FlexLayoutTestUITests/Info.plist;
				LD_RUNPATH_SEARCH_PATHS = "$(inherited) @executable_path/Frameworks @loader_path/Frameworks";
				PRODUCT_BUNDLE_IDENTIFIER = Kiian.FlexLayoutTestUITests;
				PRODUCT_NAME = "$(TARGET_NAME)";
				SWIFT_VERSION = 4.0;
				TARGETED_DEVICE_FAMILY = "1,2";
				TEST_TARGET_NAME = FlexLayoutTest;
			};
			name = Debug;
		};
		397ADE9A205FA8C700824CC9 /* Release */ = {
			isa = XCBuildConfiguration;
			baseConfigurationReference = D0938C85039150FD1125A3BE /* Pods-FlexLayoutTestUITests.release.xcconfig */;
			buildSettings = {
				ALWAYS_EMBED_SWIFT_STANDARD_LIBRARIES = YES;
				CODE_SIGN_STYLE = Automatic;
				DEVELOPMENT_TEAM = V4EQG7WTM5;
				INFOPLIST_FILE = FlexLayoutTestUITests/Info.plist;
				LD_RUNPATH_SEARCH_PATHS = "$(inherited) @executable_path/Frameworks @loader_path/Frameworks";
				PRODUCT_BUNDLE_IDENTIFIER = Kiian.FlexLayoutTestUITests;
				PRODUCT_NAME = "$(TARGET_NAME)";
				SWIFT_VERSION = 4.0;
				TARGETED_DEVICE_FAMILY = "1,2";
				TEST_TARGET_NAME = FlexLayoutTest;
			};
			name = Release;
		};
/* End XCBuildConfiguration section */

/* Begin XCConfigurationList section */
		397ADE65205FA8C700824CC9 /* Build configuration list for PBXProject "FlexLayoutTest" */ = {
			isa = XCConfigurationList;
			buildConfigurations = (
				397ADE90205FA8C700824CC9 /* Debug */,
				397ADE91205FA8C700824CC9 /* Release */,
			);
			defaultConfigurationIsVisible = 0;
			defaultConfigurationName = Release;
		};
		397ADE92205FA8C700824CC9 /* Build configuration list for PBXNativeTarget "FlexLayoutTest" */ = {
			isa = XCConfigurationList;
			buildConfigurations = (
				397ADE93205FA8C700824CC9 /* Debug */,
				397ADE94205FA8C700824CC9 /* Release */,
			);
			defaultConfigurationIsVisible = 0;
			defaultConfigurationName = Release;
		};
		397ADE95205FA8C700824CC9 /* Build configuration list for PBXNativeTarget "FlexLayoutTestTests" */ = {
			isa = XCConfigurationList;
			buildConfigurations = (
				397ADE96205FA8C700824CC9 /* Debug */,
				397ADE97205FA8C700824CC9 /* Release */,
			);
			defaultConfigurationIsVisible = 0;
			defaultConfigurationName = Release;
		};
		397ADE98205FA8C700824CC9 /* Build configuration list for PBXNativeTarget "FlexLayoutTestUITests" */ = {
			isa = XCConfigurationList;
			buildConfigurations = (
				397ADE99205FA8C700824CC9 /* Debug */,
				397ADE9A205FA8C700824CC9 /* Release */,
			);
			defaultConfigurationIsVisible = 0;
			defaultConfigurationName = Release;
		};
/* End XCConfigurationList section */
	};
	rootObject = 397ADE62205FA8C700824CC9 /* Project object */;
}
